
Microsoft Visual Studio Solution File, Format Version 11.00
# Visual Studio 2010
Project("{8BC9CEB8-8B4A-11D0-8D11-00A0C91BC942}") = "identi3d", "src\identi3d\identi3d.vcxproj", "{42D4A807-56DA-4917-9343-B73128299137}"
	ProjectSection(ProjectDependencies) = postProject
		{1992210E-6253-4735-8E3D-CC641250B393} = {1992210E-6253-4735-8E3D-CC641250B393}
		{166B2D45-BBD2-4D48-A042-BDB7F02C9837} = {166B2D45-BBD2-4D48-A042-BDB7F02C9837}
		{A97EE09F-E29F-494B-BAE5-0B66265EAC94} = {A97EE09F-E29F-494B-BAE5-0B66265EAC94}
		{8EFC94E1-C041-49B7-9AAA-6990E539EC39} = {8EFC94E1-C041-49B7-9AAA-6990E539EC39}
	EndProjectSection
EndProject
Project("{8BC9CEB8-8B4A-11D0-8D11-00A0C91BC942}") = "utils", "src\utils\utils.vcxproj", "{166B2D45-BBD2-4D48-A042-BDB7F02C9837}"
EndProject
Project("{8BC9CEB8-8B4A-11D0-8D11-00A0C91BC942}") = "utils_test", "unittests\utils_test\utils_test.vcxproj", "{CE8F88A7-2895-478E-BECC-90BC3C8A5944}"
	ProjectSection(ProjectDependencies) = postProject
		{166B2D45-BBD2-4D48-A042-BDB7F02C9837} = {166B2D45-BBD2-4D48-A042-BDB7F02C9837}
	EndProjectSection
EndProject
Project("{8BC9CEB8-8B4A-11D0-8D11-00A0C91BC942}") = "renderer", "src\renderer\renderer.vcxproj", "{8EFC94E1-C041-49B7-9AAA-6990E539EC39}"
EndProject
Project("{8BC9CEB8-8B4A-11D0-8D11-00A0C91BC942}") = "direct3d9", "src\plugins\direct3d9\direct3d9.vcxproj", "{A97EE09F-E29F-494B-BAE5-0B66265EAC94}"
	ProjectSection(ProjectDependencies) = postProject
		{166B2D45-BBD2-4D48-A042-BDB7F02C9837} = {166B2D45-BBD2-4D48-A042-BDB7F02C9837}
		{8EFC94E1-C041-49B7-9AAA-6990E539EC39} = {8EFC94E1-C041-49B7-9AAA-6990E539EC39}
	EndProjectSection
EndProject
Project("{8BC9CEB8-8B4A-11D0-8D11-00A0C91BC942}") = "math", "src\math\math.vcxproj", "{1992210E-6253-4735-8E3D-CC641250B393}"
	ProjectSection(ProjectDependencies) = postProject
		{166B2D45-BBD2-4D48-A042-BDB7F02C9837} = {166B2D45-BBD2-4D48-A042-BDB7F02C9837}
	EndProjectSection
EndProject
Project("{8BC9CEB8-8B4A-11D0-8D11-00A0C91BC942}") = "math_test", "unittests\math_test\math_test.vcxproj", "{623D55D3-62A2-4F58-9877-DC0045AE0A66}"
	ProjectSection(ProjectDependencies) = postProject
		{1992210E-6253-4735-8E3D-CC641250B393} = {1992210E-6253-4735-8E3D-CC641250B393}
	EndProjectSection
EndProject
Project("{2150E333-8FDC-42A3-9474-1A3956D46DE8}") = "UnitTests", "UnitTests", "{EE83817B-9F7C-4C63-9229-B371E1380DCD}"
EndProject
Project("{8BC9CEB8-8B4A-11D0-8D11-00A0C91BC942}") = "render_test", "unittests\render_test\render_test.vcxproj", "{BA82ACC3-5136-4FD2-BFDB-36D5F173FEB9}"
	ProjectSection(ProjectDependencies) = postProject
		{42D4A807-56DA-4917-9343-B73128299137} = {42D4A807-56DA-4917-9343-B73128299137}
	EndProjectSection
EndProject
Global
	GlobalSection(SolutionConfigurationPlatforms) = preSolution
		Debug|Win32 = Debug|Win32
		Release|Win32 = Release|Win32
	EndGlobalSection
	GlobalSection(ProjectConfigurationPlatforms) = postSolution
		{42D4A807-56DA-4917-9343-B73128299137}.Debug|Win32.ActiveCfg = Debug|Win32
		{42D4A807-56DA-4917-9343-B73128299137}.Debug|Win32.Build.0 = Debug|Win32
		{42D4A807-56DA-4917-9343-B73128299137}.Release|Win32.ActiveCfg = Release|Win32
		{42D4A807-56DA-4917-9343-B73128299137}.Release|Win32.Build.0 = Release|Win32
		{166B2D45-BBD2-4D48-A042-BDB7F02C9837}.Debug|Win32.ActiveCfg = Debug|Win32
		{166B2D45-BBD2-4D48-A042-BDB7F02C9837}.Debug|Win32.Build.0 = Debug|Win32
		{166B2D45-BBD2-4D48-A042-BDB7F02C9837}.Release|Win32.ActiveCfg = Release|Win32
		{166B2D45-BBD2-4D48-A042-BDB7F02C9837}.Release|Win32.Build.0 = Release|Win32
		{CE8F88A7-2895-478E-BECC-90BC3C8A5944}.Debug|Win32.ActiveCfg = Debug|Win32
		{CE8F88A7-2895-478E-BECC-90BC3C8A5944}.Debug|Win32.Build.0 = Debug|Win32
		{CE8F88A7-2895-478E-BECC-90BC3C8A5944}.Release|Win32.ActiveCfg = Release|Win32
		{CE8F88A7-2895-478E-BECC-90BC3C8A5944}.Release|Win32.Build.0 = Release|Win32
		{8EFC94E1-C041-49B7-9AAA-6990E539EC39}.Debug|Win32.ActiveCfg = Debug|Win32
		{8EFC94E1-C041-49B7-9AAA-6990E539EC39}.Debug|Win32.Build.0 = Debug|Win32
		{8EFC94E1-C041-49B7-9AAA-6990E539EC39}.Release|Win32.ActiveCfg = Release|Win32
		{8EFC94E1-C041-49B7-9AAA-6990E539EC39}.Release|Win32.Build.0 = Release|Win32
		{A97EE09F-E29F-494B-BAE5-0B66265EAC94}.Debug|Win32.ActiveCfg = Debug|Win32
		{A97EE09F-E29F-494B-BAE5-0B66265EAC94}.Debug|Win32.Build.0 = Debug|Win32
		{A97EE09F-E29F-494B-BAE5-0B66265EAC94}.Release|Win32.ActiveCfg = Release|Win32
		{A97EE09F-E29F-494B-BAE5-0B66265EAC94}.Release|Win32.Build.0 = Release|Win32
		{1992210E-6253-4735-8E3D-CC641250B393}.Debug|Win32.ActiveCfg = Debug|Win32
		{1992210E-6253-4735-8E3D-CC641250B393}.Debug|Win32.Build.0 = Debug|Win32
		{1992210E-6253-4735-8E3D-CC641250B393}.Release|Win32.ActiveCfg = Release|Win32
		{1992210E-6253-4735-8E3D-CC641250B393}.Release|Win32.Build.0 = Release|Win32
		{623D55D3-62A2-4F58-9877-DC0045AE0A66}.Debug|Win32.ActiveCfg = Debug|Win32
		{623D55D3-62A2-4F58-9877-DC0045AE0A66}.Debug|Win32.Build.0 = Debug|Win32
		{623D55D3-62A2-4F58-9877-DC0045AE0A66}.Release|Win32.ActiveCfg = Release|Win32
		{623D55D3-62A2-4F58-9877-DC0045AE0A66}.Release|Win32.Build.0 = Release|Win32
		{BA82ACC3-5136-4FD2-BFDB-36D5F173FEB9}.Debug|Win32.ActiveCfg = Debug|Win32
		{BA82ACC3-5136-4FD2-BFDB-36D5F173FEB9}.Debug|Win32.Build.0 = Debug|Win32
		{BA82ACC3-5136-4FD2-BFDB-36D5F173FEB9}.Release|Win32.ActiveCfg = Release|Win32
		{BA82ACC3-5136-4FD2-BFDB-36D5F173FEB9}.Release|Win32.Build.0 = Release|Win32
	EndGlobalSection
	GlobalSection(SolutionProperties) = preSolution
		HideSolutionNode = FALSE
	EndGlobalSection
	GlobalSection(NestedProjects) = preSolution
		{623D55D3-62A2-4F58-9877-DC0045AE0A66} = {EE83817B-9F7C-4C63-9229-B371E1380DCD}
		{CE8F88A7-2895-478E-BECC-90BC3C8A5944} = {EE83817B-9F7C-4C63-9229-B371E1380DCD}
		{BA82ACC3-5136-4FD2-BFDB-36D5F173FEB9} = {EE83817B-9F7C-4C63-9229-B371E1380DCD}
	EndGlobalSection
EndGlobal
