
Microsoft Visual Studio Solution File, Format Version 11.00
# Visual Studio 2010
Project("{8BC9CEB8-8B4A-11D0-8D11-00A0C91BC942}") = "ModuleTest", "ModuleTest\ModuleTest.vcxproj", "{F47FCAC5-2F6E-47C1-B65F-66035E84F676}"
	ProjectSection(ProjectDependencies) = postProject
		{B359302F-E54B-44FD-AA4E-3313B66D68B7} = {B359302F-E54B-44FD-AA4E-3313B66D68B7}
		{625EA963-2DA5-43EF-9D86-E3191ABAF604} = {625EA963-2DA5-43EF-9D86-E3191ABAF604}
	EndProjectSection
EndProject
Project("{8BC9CEB8-8B4A-11D0-8D11-00A0C91BC942}") = "nova-3d", "src\nova-3d\nova-3d.vcxproj", "{B359302F-E54B-44FD-AA4E-3313B66D68B7}"
EndProject
Project("{8BC9CEB8-8B4A-11D0-8D11-00A0C91BC942}") = "utils", "src\utils\utils.vcxproj", "{625EA963-2DA5-43EF-9D86-E3191ABAF604}"
EndProject
Global
	GlobalSection(SolutionConfigurationPlatforms) = preSolution
		Debug|Win32 = Debug|Win32
		Release|Win32 = Release|Win32
	EndGlobalSection
	GlobalSection(ProjectConfigurationPlatforms) = postSolution
		{F47FCAC5-2F6E-47C1-B65F-66035E84F676}.Debug|Win32.ActiveCfg = Debug|Win32
		{F47FCAC5-2F6E-47C1-B65F-66035E84F676}.Debug|Win32.Build.0 = Debug|Win32
		{F47FCAC5-2F6E-47C1-B65F-66035E84F676}.Release|Win32.ActiveCfg = Release|Win32
		{F47FCAC5-2F6E-47C1-B65F-66035E84F676}.Release|Win32.Build.0 = Release|Win32
		{B359302F-E54B-44FD-AA4E-3313B66D68B7}.Debug|Win32.ActiveCfg = Debug|Win32
		{B359302F-E54B-44FD-AA4E-3313B66D68B7}.Debug|Win32.Build.0 = Debug|Win32
		{B359302F-E54B-44FD-AA4E-3313B66D68B7}.Release|Win32.ActiveCfg = Release|Win32
		{B359302F-E54B-44FD-AA4E-3313B66D68B7}.Release|Win32.Build.0 = Release|Win32
		{625EA963-2DA5-43EF-9D86-E3191ABAF604}.Debug|Win32.ActiveCfg = Debug|Win32
		{625EA963-2DA5-43EF-9D86-E3191ABAF604}.Debug|Win32.Build.0 = Debug|Win32
		{625EA963-2DA5-43EF-9D86-E3191ABAF604}.Release|Win32.ActiveCfg = Release|Win32
		{625EA963-2DA5-43EF-9D86-E3191ABAF604}.Release|Win32.Build.0 = Release|Win32
	EndGlobalSection
	GlobalSection(SolutionProperties) = preSolution
		HideSolutionNode = FALSE
	EndGlobalSection
EndGlobal
